// !$*UTF8*$!
{
	archiveVersion = 1;
	classes = {
	};
	objectVersion = 56;
	objects = {

/* Begin PBXBuildFile section */
		2256270A2C01F0A80008E3AA /* AppDelegate.swift in Sources */ = {isa = PBXBuildFile; fileRef = 225627092C01F0A80008E3AA /* AppDelegate.swift */; };
		2256270C2C01F0A80008E3AA /* SceneDelegate.swift in Sources */ = {isa = PBXBuildFile; fileRef = 2256270B2C01F0A80008E3AA /* SceneDelegate.swift */; };
		2256270E2C01F0A80008E3AA /* ViewController.swift in Sources */ = {isa = PBXBuildFile; fileRef = 2256270D2C01F0A80008E3AA /* ViewController.swift */; };
		225627112C01F0A80008E3AA /* Main.storyboard in Resources */ = {isa = PBXBuildFile; fileRef = 2256270F2C01F0A80008E3AA /* Main.storyboard */; };
		225627132C01F0A90008E3AA /* Assets.xcassets in Resources */ = {isa = PBXBuildFile; fileRef = 225627122C01F0A90008E3AA /* Assets.xcassets */; };
		225627162C01F0A90008E3AA /* LaunchScreen.storyboard in Resources */ = {isa = PBXBuildFile; fileRef = 225627142C01F0A90008E3AA /* LaunchScreen.storyboard */; };
		2256271E2C01F3220008E3AA /* HTTPClient.swift in Sources */ = {isa = PBXBuildFile; fileRef = 2256271D2C01F3220008E3AA /* HTTPClient.swift */; };
		22EA99B02C0462CE0037BC47 /* LogIn.swift in Sources */ = {isa = PBXBuildFile; fileRef = 22EA99AF2C0462CE0037BC47 /* LogIn.swift */; };
		22EA99B22C04683F0037BC47 /* Logout.swift in Sources */ = {isa = PBXBuildFile; fileRef = 22EA99B12C04683F0037BC47 /* Logout.swift */; };
		22F899D32C05B8F90082DEF5 /* ProfileDatas.swift in Sources */ = {isa = PBXBuildFile; fileRef = 22F899D22C05B8F90082DEF5 /* ProfileDatas.swift */; };
/* End PBXBuildFile section */

/* Begin PBXFileReference section */
		225627062C01F0A80008E3AA /* GitTest_2.app */ = {isa = PBXFileReference; explicitFileType = wrapper.application; includeInIndex = 0; path = GitTest_2.app; sourceTree = BUILT_PRODUCTS_DIR; };
		225627092C01F0A80008E3AA /* AppDelegate.swift */ = {isa = PBXFileReference; lastKnownFileType = sourcecode.swift; path = AppDelegate.swift; sourceTree = "<group>"; };
		2256270B2C01F0A80008E3AA /* SceneDelegate.swift */ = {isa = PBXFileReference; lastKnownFileType = sourcecode.swift; path = SceneDelegate.swift; sourceTree = "<group>"; };
		2256270D2C01F0A80008E3AA /* ViewController.swift */ = {isa = PBXFileReference; lastKnownFileType = sourcecode.swift; path = ViewController.swift; sourceTree = "<group>"; };
		225627102C01F0A80008E3AA /* Base */ = {isa = PBXFileReference; lastKnownFileType = file.storyboard; name = Base; path = Base.lproj/Main.storyboard; sourceTree = "<group>"; };
		225627122C01F0A90008E3AA /* Assets.xcassets */ = {isa = PBXFileReference; lastKnownFileType = folder.assetcatalog; path = Assets.xcassets; sourceTree = "<group>"; };
		225627152C01F0A90008E3AA /* Base */ = {isa = PBXFileReference; lastKnownFileType = file.storyboard; name = Base; path = Base.lproj/LaunchScreen.storyboard; sourceTree = "<group>"; };
		225627172C01F0A90008E3AA /* Info.plist */ = {isa = PBXFileReference; lastKnownFileType = text.plist.xml; path = Info.plist; sourceTree = "<group>"; };
		2256271D2C01F3220008E3AA /* HTTPClient.swift */ = {isa = PBXFileReference; lastKnownFileType = sourcecode.swift; path = HTTPClient.swift; sourceTree = "<group>"; };
		22EA99AF2C0462CE0037BC47 /* LogIn.swift */ = {isa = PBXFileReference; lastKnownFileType = sourcecode.swift; path = LogIn.swift; sourceTree = "<group>"; };
		22EA99B12C04683F0037BC47 /* Logout.swift */ = {isa = PBXFileReference; lastKnownFileType = sourcecode.swift; path = Logout.swift; sourceTree = "<group>"; };
		22F899D22C05B8F90082DEF5 /* ProfileDatas.swift */ = {isa = PBXFileReference; lastKnownFileType = sourcecode.swift; path = ProfileDatas.swift; sourceTree = "<group>"; };
/* End PBXFileReference section */

/* Begin PBXFrameworksBuildPhase section */
		225627032C01F0A80008E3AA /* Frameworks */ = {
			isa = PBXFrameworksBuildPhase;
			buildActionMask = 2147483647;
			files = (
			);
			runOnlyForDeploymentPostprocessing = 0;
		};
/* End PBXFrameworksBuildPhase section */

/* Begin PBXGroup section */
		225626FD2C01F0A80008E3AA = {
			isa = PBXGroup;
			children = (
				225627082C01F0A80008E3AA /* GitTest_2 */,
				225627072C01F0A80008E3AA /* Products */,
			);
			sourceTree = "<group>";
		};
		225627072C01F0A80008E3AA /* Products */ = {
			isa = PBXGroup;
			children = (
				225627062C01F0A80008E3AA /* GitTest_2.app */,
			);
			name = Products;
			sourceTree = "<group>";
		};
		225627082C01F0A80008E3AA /* GitTest_2 */ = {
			isa = PBXGroup;
			children = (
				225627092C01F0A80008E3AA /* AppDelegate.swift */,
				2256270B2C01F0A80008E3AA /* SceneDelegate.swift */,
				2256270D2C01F0A80008E3AA /* ViewController.swift */,
				22EA99B12C04683F0037BC47 /* Logout.swift */,
				22EA99AF2C0462CE0037BC47 /* LogIn.swift */,
				2256271D2C01F3220008E3AA /* HTTPClient.swift */,
				22F899D22C05B8F90082DEF5 /* ProfileDatas.swift */,
				2256270F2C01F0A80008E3AA /* Main.storyboard */,
				225627122C01F0A90008E3AA /* Assets.xcassets */,
				225627142C01F0A90008E3AA /* LaunchScreen.storyboard */,
				225627172C01F0A90008E3AA /* Info.plist */,
			);
			path = GitTest_2;
			sourceTree = "<group>";
		};
/* End PBXGroup section */

/* Begin PBXNativeTarget section */
		225627052C01F0A80008E3AA /* GitTest_2 */ = {
			isa = PBXNativeTarget;
			buildConfigurationList = 2256271A2C01F0A90008E3AA /* Build configuration list for PBXNativeTarget "GitTest_2" */;
			buildPhases = (
				225627022C01F0A80008E3AA /* Sources */,
				225627032C01F0A80008E3AA /* Frameworks */,
				225627042C01F0A80008E3AA /* Resources */,
			);
			buildRules = (
			);
			dependencies = (
			);
			name = GitTest_2;
			productName = GitTest_2;
			productReference = 225627062C01F0A80008E3AA /* GitTest_2.app */;
			productType = "com.apple.product-type.application";
		};
/* End PBXNativeTarget section */

/* Begin PBXProject section */
		225626FE2C01F0A80008E3AA /* Project object */ = {
			isa = PBXProject;
			attributes = {
				BuildIndependentTargetsInParallel = 1;
				LastSwiftUpdateCheck = 1510;
				LastUpgradeCheck = 1510;
				TargetAttributes = {
					225627052C01F0A80008E3AA = {
						CreatedOnToolsVersion = 15.1;
					};
				};
			};
			buildConfigurationList = 225627012C01F0A80008E3AA /* Build configuration list for PBXProject "GitTest_2" */;
			compatibilityVersion = "Xcode 14.0";
			developmentRegion = en;
			hasScannedForEncodings = 0;
			knownRegions = (
				en,
				Base,
			);
			mainGroup = 225626FD2C01F0A80008E3AA;
			productRefGroup = 225627072C01F0A80008E3AA /* Products */;
			projectDirPath = "";
			projectRoot = "";
			targets = (
				225627052C01F0A80008E3AA /* GitTest_2 */,
			);
		};
/* End PBXProject section */

/* Begin PBXResourcesBuildPhase section */
		225627042C01F0A80008E3AA /* Resources */ = {
			isa = PBXResourcesBuildPhase;
			buildActionMask = 2147483647;
			files = (
				225627162C01F0A90008E3AA /* LaunchScreen.storyboard in Resources */,
				225627132C01F0A90008E3AA /* Assets.xcassets in Resources */,
				225627112C01F0A80008E3AA /* Main.storyboard in Resources */,
			);
			runOnlyForDeploymentPostprocessing = 0;
		};
/* End PBXResourcesBuildPhase section */

/* Begin PBXSourcesBuildPhase section */
		225627022C01F0A80008E3AA /* Sources */ = {
			isa = PBXSourcesBuildPhase;
			buildActionMask = 2147483647;
			files = (
				22EA99B02C0462CE0037BC47 /* LogIn.swift in Sources */,
				22EA99B22C04683F0037BC47 /* Logout.swift in Sources */,
				2256270E2C01F0A80008E3AA /* ViewController.swift in Sources */,
				2256270A2C01F0A80008E3AA /* AppDelegate.swift in Sources */,
				2256271E2C01F3220008E3AA /* HTTPClient.swift in Sources */,
				2256270C2C01F0A80008E3AA /* SceneDelegate.swift in Sources */,
				22F899D32C05B8F90082DEF5 /* ProfileDatas.swift in Sources */,
			);
			runOnlyForDeploymentPostprocessing = 0;
		};
/* End PBXSourcesBuildPhase section */

/* Begin PBXVariantGroup section */
		2256270F2C01F0A80008E3AA /* Main.storyboard */ = {
			isa = PBXVariantGroup;
			children = (
				225627102C01F0A80008E3AA /* Base */,
			);
			name = Main.storyboard;
			sourceTree = "<group>";
		};
		225627142C01F0A90008E3AA /* LaunchScreen.storyboard */ = {
			isa = PBXVariantGroup;
			children = (
				225627152C01F0A90008E3AA /* Base */,
			);
			name = LaunchScreen.storyboard;
			sourceTree = "<group>";
		};
/* End PBXVariantGroup section */

/* Begin XCBuildConfiguration section */
		225627182C01F0A90008E3AA /* Debug */ = {
			isa = XCBuildConfiguration;
			buildSettings = {
				ALWAYS_SEARCH_USER_PATHS = NO;
				ASSETCATALOG_COMPILER_GENERATE_SWIFT_ASSET_SYMBOL_EXTENSIONS = YES;
				CLANG_ANALYZER_NONNULL = YES;
				CLANG_ANALYZER_NUMBER_OBJECT_CONVERSION = YES_AGGRESSIVE;
				CLANG_CXX_LANGUAGE_STANDARD = "gnu++20";
				CLANG_ENABLE_MODULES = YES;
				CLANG_ENABLE_OBJC_ARC = YES;
				CLANG_ENABLE_OBJC_WEAK = YES;
				CLANG_WARN_BLOCK_CAPTURE_AUTORELEASING = YES;
				CLANG_WARN_BOOL_CONVERSION = YES;
				CLANG_WARN_COMMA = YES;
				CLANG_WARN_CONSTANT_CONVERSION = YES;
				CLANG_WARN_DEPRECATED_OBJC_IMPLEMENTATIONS = YES;
				CLANG_WARN_DIRECT_OBJC_ISA_USAGE = YES_ERROR;
				CLANG_WARN_DOCUMENTATION_COMMENTS = YES;
				CLANG_WARN_EMPTY_BODY = YES;
				CLANG_WARN_ENUM_CONVERSION = YES;
				CLANG_WARN_INFINITE_RECURSION = YES;
				CLANG_WARN_INT_CONVERSION = YES;
				CLANG_WARN_NON_LITERAL_NULL_CONVERSION = YES;
				CLANG_WARN_OBJC_IMPLICIT_RETAIN_SELF = YES;
				CLANG_WARN_OBJC_LITERAL_CONVERSION = YES;
				CLANG_WARN_OBJC_ROOT_CLASS = YES_ERROR;
				CLANG_WARN_QUOTED_INCLUDE_IN_FRAMEWORK_HEADER = YES;
				CLANG_WARN_RANGE_LOOP_ANALYSIS = YES;
				CLANG_WARN_STRICT_PROTOTYPES = YES;
				CLANG_WARN_SUSPICIOUS_MOVE = YES;
				CLANG_WARN_UNGUARDED_AVAILABILITY = YES_AGGRESSIVE;
				CLANG_WARN_UNREACHABLE_CODE = YES;
				CLANG_WARN__DUPLICATE_METHOD_MATCH = YES;
				COPY_PHASE_STRIP = NO;
				DEBUG_INFORMATION_FORMAT = dwarf;
				ENABLE_STRICT_OBJC_MSGSEND = YES;
				ENABLE_TESTABILITY = YES;
				ENABLE_USER_SCRIPT_SANDBOXING = YES;
				GCC_C_LANGUAGE_STANDARD = gnu17;
				GCC_DYNAMIC_NO_PIC = NO;
				GCC_NO_COMMON_BLOCKS = YES;
				GCC_OPTIMIZATION_LEVEL = 0;
				GCC_PREPROCESSOR_DEFINITIONS = (
					"DEBUG=1",
					"$(inherited)",
				);
				GCC_WARN_64_TO_32_BIT_CONVERSION = YES;
				GCC_WARN_ABOUT_RETURN_TYPE = YES_ERROR;
				GCC_WARN_UNDECLARED_SELECTOR = YES;
				GCC_WARN_UNINITIALIZED_AUTOS = YES_AGGRESSIVE;
				GCC_WARN_UNUSED_FUNCTION = YES;
				GCC_WARN_UNUSED_VARIABLE = YES;
				IPHONEOS_DEPLOYMENT_TARGET = 17.2;
				LOCALIZATION_PREFERS_STRING_CATALOGS = YES;
				MTL_ENABLE_DEBUG_INFO = INCLUDE_SOURCE;
				MTL_FAST_MATH = YES;
				ONLY_ACTIVE_ARCH = YES;
				SDKROOT = iphoneos;
				SWIFT_ACTIVE_COMPILATION_CONDITIONS = "DEBUG $(inherited)";
				SWIFT_OPTIMIZATION_LEVEL = "-Onone";
			};
			name = Debug;
		};
		225627192C01F0A90008E3AA /* Release */ = {
			isa = XCBuildConfiguration;
			buildSettings = {
				ALWAYS_SEARCH_USER_PATHS = NO;
				ASSETCATALOG_COMPILER_GENERATE_SWIFT_ASSET_SYMBOL_EXTENSIONS = YES;
				CLANG_ANALYZER_NONNULL = YES;
				CLANG_ANALYZER_NUMBER_OBJECT_CONVERSION = YES_AGGRESSIVE;
				CLANG_CXX_LANGUAGE_STANDARD = "gnu++20";
				CLANG_ENABLE_MODULES = YES;
				CLANG_ENABLE_OBJC_ARC = YES;
				CLANG_ENABLE_OBJC_WEAK = YES;
				CLANG_WARN_BLOCK_CAPTURE_AUTORELEASING = YES;
				CLANG_WARN_BOOL_CONVERSION = YES;
				CLANG_WARN_COMMA = YES;
				CLANG_WARN_CONSTANT_CONVERSION = YES;
				CLANG_WARN_DEPRECATED_OBJC_IMPLEMENTATIONS = YES;
				CLANG_WARN_DIRECT_OBJC_ISA_USAGE = YES_ERROR;
				CLANG_WARN_DOCUMENTATION_COMMENTS = YES;
				CLANG_WARN_EMPTY_BODY = YES;
				CLANG_WARN_ENUM_CONVERSION = YES;
				CLANG_WARN_INFINITE_RECURSION = YES;
				CLANG_WARN_INT_CONVERSION = YES;
				CLANG_WARN_NON_LITERAL_NULL_CONVERSION = YES;
				CLANG_WARN_OBJC_IMPLICIT_RETAIN_SELF = YES;
				CLANG_WARN_OBJC_LITERAL_CONVERSION = YES;
				CLANG_WARN_OBJC_ROOT_CLASS = YES_ERROR;
				CLANG_WARN_QUOTED_INCLUDE_IN_FRAMEWORK_HEADER = YES;
				CLANG_WARN_RANGE_LOOP_ANALYSIS = YES;
				CLANG_WARN_STRICT_PROTOTYPES = YES;
				CLANG_WARN_SUSPICIOUS_MOVE = YES;
				CLANG_WARN_UNGUARDED_AVAILABILITY = YES_AGGRESSIVE;
				CLANG_WARN_UNREACHABLE_CODE = YES;
				CLANG_WARN__DUPLICATE_METHOD_MATCH = YES;
				COPY_PHASE_STRIP = NO;
				DEBUG_INFORMATION_FORMAT = "dwarf-with-dsym";
				ENABLE_NS_ASSERTIONS = NO;
				ENABLE_STRICT_OBJC_MSGSEND = YES;
				ENABLE_USER_SCRIPT_SANDBOXING = YES;
				GCC_C_LANGUAGE_STANDARD = gnu17;
				GCC_NO_COMMON_BLOCKS = YES;
				GCC_WARN_64_TO_32_BIT_CONVERSION = YES;
				GCC_WARN_ABOUT_RETURN_TYPE = YES_ERROR;
				GCC_WARN_UNDECLARED_SELECTOR = YES;
				GCC_WARN_UNINITIALIZED_AUTOS = YES_AGGRESSIVE;
				GCC_WARN_UNUSED_FUNCTION = YES;
				GCC_WARN_UNUSED_VARIABLE = YES;
				IPHONEOS_DEPLOYMENT_TARGET = 17.2;
				LOCALIZATION_PREFERS_STRING_CATALOGS = YES;
				MTL_ENABLE_DEBUG_INFO = NO;
				MTL_FAST_MATH = YES;
				SDKROOT = iphoneos;
				SWIFT_COMPILATION_MODE = wholemodule;
				VALIDATE_PRODUCT = YES;
			};
			name = Release;
		};
		2256271B2C01F0A90008E3AA /* Debug */ = {
			isa = XCBuildConfiguration;
			buildSettings = {
				ASSETCATALOG_COMPILER_APPICON_NAME = AppIcon;
				ASSETCATALOG_COMPILER_GLOBAL_ACCENT_COLOR_NAME = AccentColor;
				CODE_SIGN_STYLE = Automatic;
				CURRENT_PROJECT_VERSION = 1;
				DEVELOPMENT_TEAM = R8HK27855W;
				GENERATE_INFOPLIST_FILE = YES;
				INFOPLIST_FILE = GitTest_2/Info.plist;
				INFOPLIST_KEY_UIApplicationSupportsIndirectInputEvents = YES;
				INFOPLIST_KEY_UILaunchStoryboardName = LaunchScreen;
				INFOPLIST_KEY_UIMainStoryboardFile = Main;
				INFOPLIST_KEY_UISupportedInterfaceOrientations_iPad = "UIInterfaceOrientationPortrait UIInterfaceOrientationPortraitUpsideDown UIInterfaceOrientationLandscapeLeft UIInterfaceOrientationLandscapeRight";
				INFOPLIST_KEY_UISupportedInterfaceOrientations_iPhone = "UIInterfaceOrientationPortrait UIInterfaceOrientationLandscapeLeft UIInterfaceOrientationLandscapeRight";
				LD_RUNPATH_SEARCH_PATHS = (
					"$(inherited)",
					"@executable_path/Frameworks",
				);
				MARKETING_VERSION = 1.0;
				PRODUCT_BUNDLE_IDENTIFIER = "com.kavin.GitTest-2";
				PRODUCT_NAME = "$(TARGET_NAME)";
				SWIFT_EMIT_LOC_STRINGS = YES;
				SWIFT_VERSION = 5.0;
				TARGETED_DEVICE_FAMILY = "1,2";
			};
			name = Debug;
		};
		2256271C2C01F0A90008E3AA /* Release */ = {
			isa = XCBuildConfiguration;
			buildSettings = {
				ASSETCATALOG_COMPILER_APPICON_NAME = AppIcon;
				ASSETCATALOG_COMPILER_GLOBAL_ACCENT_COLOR_NAME = AccentColor;
				CODE_SIGN_STYLE = Automatic;
				CURRENT_PROJECT_VERSION = 1;
				DEVELOPMENT_TEAM = R8HK27855W;
				GENERATE_INFOPLIST_FILE = YES;
				INFOPLIST_FILE = GitTest_2/Info.plist;
				INFOPLIST_KEY_UIApplicationSupportsIndirectInputEvents = YES;
				INFOPLIST_KEY_UILaunchStoryboardName = LaunchScreen;
				INFOPLIST_KEY_UIMainStoryboardFile = Main;
				INFOPLIST_KEY_UISupportedInterfaceOrientations_iPad = "UIInterfaceOrientationPortrait UIInterfaceOrientationPortraitUpsideDown UIInterfaceOrientationLandscapeLeft UIInterfaceOrientationLandscapeRight";
				INFOPLIST_KEY_UISupportedInterfaceOrientations_iPhone = "UIInterfaceOrientationPortrait UIInterfaceOrientationLandscapeLeft UIInterfaceOrientationLandscapeRight";
				LD_RUNPATH_SEARCH_PATHS = (
					"$(inherited)",
					"@executable_path/Frameworks",
				);
				MARKETING_VERSION = 1.0;
				PRODUCT_BUNDLE_IDENTIFIER = "com.kavin.GitTest-2";
				PRODUCT_NAME = "$(TARGET_NAME)";
				SWIFT_EMIT_LOC_STRINGS = YES;
				SWIFT_VERSION = 5.0;
				TARGETED_DEVICE_FAMILY = "1,2";
			};
			name = Release;
		};
/* End XCBuildConfiguration section */

/* Begin XCConfigurationList section */
		225627012C01F0A80008E3AA /* Build configuration list for PBXProject "GitTest_2" */ = {
			isa = XCConfigurationList;
			buildConfigurations = (
				225627182C01F0A90008E3AA /* Debug */,
				225627192C01F0A90008E3AA /* Release */,
			);
			defaultConfigurationIsVisible = 0;
			defaultConfigurationName = Release;
		};
		2256271A2C01F0A90008E3AA /* Build configuration list for PBXNativeTarget "GitTest_2" */ = {
			isa = XCConfigurationList;
			buildConfigurations = (
				2256271B2C01F0A90008E3AA /* Debug */,
				2256271C2C01F0A90008E3AA /* Release */,
			);
			defaultConfigurationIsVisible = 0;
			defaultConfigurationName = Release;
		};
/* End XCConfigurationList section */
	};
	rootObject = 225626FE2C01F0A80008E3AA /* Project object */;
}
